// !$*UTF8*$!
{
	archiveVersion = 1;
	classes = {
	};
	objectVersion = 46;
	objects = {

/* Begin PBXBuildFile section */
		1023D46513E8A58700BB9080 /* VSCEnveloppeViewSetup.cpp in Sources */ = {isa = PBXBuildFile; fileRef = 1023D46413E8A58700BB9080 /* VSCEnveloppeViewSetup.cpp */; };
		102C2146141CFA4000EEEF55 /* VSCEnveloppeEditorWindowController.mm in Sources */ = {isa = PBXBuildFile; fileRef = 102C2145141CFA4000EEEF55 /* VSCEnveloppeEditorWindowController.mm */; settings = {COMPILER_FLAGS = "-fobjc-arc"; }; };
		102C2156141D017500EEEF55 /* VSCEnveloppeEditorWindowController.xib in Resources */ = {isa = PBXBuildFile; fileRef = 102C2155141D017500EEEF55 /* VSCEnveloppeEditorWindowController.xib */; };
		1030EFE3132985C300E4BCA1 /* VSCEnveloppeEditorDocument.mm in Sources */ = {isa = PBXBuildFile; fileRef = 1030EFE2132985C300E4BCA1 /* VSCEnveloppeEditorDocument.mm */; settings = {COMPILER_FLAGS = "-fobjc-arc"; }; };
		104225C2151A335B00E1F68D /* CoreMIDI.framework in Frameworks */ = {isa = PBXBuildFile; fileRef = 104225C1151A335B00E1F68D /* CoreMIDI.framework */; };
		104225C4151A343C00E1F68D /* CoreFoundation.framework in Frameworks */ = {isa = PBXBuildFile; fileRef = 104225C3151A343C00E1F68D /* CoreFoundation.framework */; };
		104225C6151A344D00E1F68D /* CoreAudio.framework in Frameworks */ = {isa = PBXBuildFile; fileRef = 104225C5151A344D00E1F68D /* CoreAudio.framework */; };
		104636F214E9587500C7AAD9 /* VSCController.cpp in Sources */ = {isa = PBXBuildFile; fileRef = 104636F014E9587500C7AAD9 /* VSCController.cpp */; };
		104636F514E9631300C7AAD9 /* VSCTriggeredController.cpp in Sources */ = {isa = PBXBuildFile; fileRef = 104636F314E9631300C7AAD9 /* VSCTriggeredController.cpp */; };
		106A54C5143D097B00455BC2 /* libboost_serialization.a in Frameworks */ = {isa = PBXBuildFile; fileRef = 106A54C4143D097B00455BC2 /* libboost_serialization.a */; };
		107A78FE132ADE3700C4B1FE /* VSCEnveloppeView.mm in Sources */ = {isa = PBXBuildFile; fileRef = 107A78FD132ADE3700C4B1FE /* VSCEnveloppeView.mm */; settings = {COMPILER_FLAGS = "-fobjc-arc"; }; };
		10946E4E1526050B002B9F66 /* main.m in Sources */ = {isa = PBXBuildFile; fileRef = 2A37F4B0FDCFA73011CA2CEA /* main.m */; settings = {COMPILER_FLAGS = "-fobjc-arc"; }; };
		109FCFE414D949A40088DCD5 /* libstk.a in Frameworks */ = {isa = PBXBuildFile; fileRef = 109FCFE314D949A40088DCD5 /* libstk.a */; };
		10A12B4714DFE00800B302BC /* VSCEnveloppeDisplaySetup.cpp in Sources */ = {isa = PBXBuildFile; fileRef = 10A12B4614DFE00800B302BC /* VSCEnveloppeDisplaySetup.cpp */; };
		10A168EB14DAEBFC00413E58 /* QuartzCore.framework in Frameworks */ = {isa = PBXBuildFile; fileRef = 10A168EA14DAEBFC00413E58 /* QuartzCore.framework */; };
		10DCC6841529F19900DEF66F /* VSCEnveloppeController.mm in Sources */ = {isa = PBXBuildFile; fileRef = 10DCC6831529F19900DEF66F /* VSCEnveloppeController.mm */; settings = {COMPILER_FLAGS = "-fobjc-arc"; }; };
		10DE92361413EDE600CC602A /* libboost_filesystem.a in Frameworks */ = {isa = PBXBuildFile; fileRef = 10DE92351413EDE600CC602A /* libboost_filesystem.a */; };
		10DE923E1413EEB200CC602A /* libboost_system.a in Frameworks */ = {isa = PBXBuildFile; fileRef = 10DE923D1413EEB200CC602A /* libboost_system.a */; };
		10E55E78152C827000DB553F /* CGColor+VSCAdditions.mm in Sources */ = {isa = PBXBuildFile; fileRef = 10E55E6F152C827000DB553F /* CGColor+VSCAdditions.mm */; };
		10E55E79152C827000DB553F /* NS+VSCGeomOperations.mm in Sources */ = {isa = PBXBuildFile; fileRef = 10E55E71152C827000DB553F /* NS+VSCGeomOperations.mm */; };
		10E55E7A152C827000DB553F /* NSApplication+VSCAdditions.m in Sources */ = {isa = PBXBuildFile; fileRef = 10E55E73152C827000DB553F /* NSApplication+VSCAdditions.m */; };
		10E55E7B152C827000DB553F /* NSFileManager+VSCAdditions.m in Sources */ = {isa = PBXBuildFile; fileRef = 10E55E75152C827000DB553F /* NSFileManager+VSCAdditions.m */; };
		10E55E7C152C827000DB553F /* NSString+VSCAdditions.mm in Sources */ = {isa = PBXBuildFile; fileRef = 10E55E77152C827000DB553F /* NSString+VSCAdditions.mm */; };
		10E55E88152C828400DB553F /* VSCBoost.cpp in Sources */ = {isa = PBXBuildFile; fileRef = 10E55E7E152C828400DB553F /* VSCBoost.cpp */; };
		10E55E89152C828400DB553F /* VSCColour.cpp in Sources */ = {isa = PBXBuildFile; fileRef = 10E55E80152C828400DB553F /* VSCColour.cpp */; };
		10E55E8A152C828400DB553F /* VSCException.cpp in Sources */ = {isa = PBXBuildFile; fileRef = 10E55E82152C828400DB553F /* VSCException.cpp */; };
		10E55E8B152C828400DB553F /* VSCGUI.cpp in Sources */ = {isa = PBXBuildFile; fileRef = 10E55E84152C828400DB553F /* VSCGUI.cpp */; };
		10E55E8C152C828400DB553F /* VSCMath.cpp in Sources */ = {isa = PBXBuildFile; fileRef = 10E55E86152C828400DB553F /* VSCMath.cpp */; };
		10F47DF4152AE90D002662A7 /* VSCEnveloppeLayer.m in Sources */ = {isa = PBXBuildFile; fileRef = 10F47DF3152AE90D002662A7 /* VSCEnveloppeLayer.m */; };
		1DDD582D0DA1D0D100B32029 /* MainMenu.xib in Resources */ = {isa = PBXBuildFile; fileRef = 1DDD582A0DA1D0D100B32029 /* MainMenu.xib */; };
		8D15AC2C0486D014006FF6A4 /* Credits.rtf in Resources */ = {isa = PBXBuildFile; fileRef = 2A37F4B9FDCFA73011CA2CEA /* Credits.rtf */; };
		8D15AC2F0486D014006FF6A4 /* InfoPlist.strings in Resources */ = {isa = PBXBuildFile; fileRef = 089C165FFE840EACC02AAC07 /* InfoPlist.strings */; };
		8D15AC340486D014006FF6A4 /* Cocoa.framework in Frameworks */ = {isa = PBXBuildFile; fileRef = 1058C7A7FEA54F5311CA2CBB /* Cocoa.framework */; };
/* End PBXBuildFile section */

/* Begin PBXFileReference section */
		089C1660FE840EACC02AAC07 /* English */ = {isa = PBXFileReference; fileEncoding = 4; lastKnownFileType = text.plist.strings; name = English; path = English.lproj/InfoPlist.strings; sourceTree = "<group>"; };
		1023D46313E8A58700BB9080 /* VSCEnveloppeViewSetup.h */ = {isa = PBXFileReference; fileEncoding = 4; lastKnownFileType = sourcecode.c.h; path = VSCEnveloppeViewSetup.h; sourceTree = "<group>"; };
		1023D46413E8A58700BB9080 /* VSCEnveloppeViewSetup.cpp */ = {isa = PBXFileReference; fileEncoding = 4; lastKnownFileType = sourcecode.cpp.cpp; path = VSCEnveloppeViewSetup.cpp; sourceTree = "<group>"; };
		102C2144141CFA4000EEEF55 /* VSCEnveloppeEditorWindowController.h */ = {isa = PBXFileReference; fileEncoding = 4; lastKnownFileType = sourcecode.c.h; path = VSCEnveloppeEditorWindowController.h; sourceTree = "<group>"; };
		102C2145141CFA4000EEEF55 /* VSCEnveloppeEditorWindowController.mm */ = {isa = PBXFileReference; fileEncoding = 4; lastKnownFileType = sourcecode.cpp.objcpp; path = VSCEnveloppeEditorWindowController.mm; sourceTree = "<group>"; };
		102C2155141D017500EEEF55 /* VSCEnveloppeEditorWindowController.xib */ = {isa = PBXFileReference; lastKnownFileType = file.xib; path = VSCEnveloppeEditorWindowController.xib; sourceTree = "<group>"; };
		1030EFE1132985C300E4BCA1 /* VSCEnveloppeEditorDocument.h */ = {isa = PBXFileReference; fileEncoding = 4; lastKnownFileType = sourcecode.c.h; path = VSCEnveloppeEditorDocument.h; sourceTree = "<group>"; };
		1030EFE2132985C300E4BCA1 /* VSCEnveloppeEditorDocument.mm */ = {isa = PBXFileReference; fileEncoding = 4; lastKnownFileType = sourcecode.cpp.objcpp; path = VSCEnveloppeEditorDocument.mm; sourceTree = "<group>"; };
		104225C1151A335B00E1F68D /* CoreMIDI.framework */ = {isa = PBXFileReference; lastKnownFileType = wrapper.framework; name = CoreMIDI.framework; path = System/Library/Frameworks/CoreMIDI.framework; sourceTree = SDKROOT; };
		104225C3151A343C00E1F68D /* CoreFoundation.framework */ = {isa = PBXFileReference; lastKnownFileType = wrapper.framework; name = CoreFoundation.framework; path = System/Library/Frameworks/CoreFoundation.framework; sourceTree = SDKROOT; };
		104225C5151A344D00E1F68D /* CoreAudio.framework */ = {isa = PBXFileReference; lastKnownFileType = wrapper.framework; name = CoreAudio.framework; path = System/Library/Frameworks/CoreAudio.framework; sourceTree = SDKROOT; };
		104636F014E9587500C7AAD9 /* VSCController.cpp */ = {isa = PBXFileReference; fileEncoding = 4; lastKnownFileType = sourcecode.cpp.cpp; name = VSCController.cpp; path = ../Sound/Controller/VSCController.cpp; sourceTree = "<group>"; };
		104636F114E9587500C7AAD9 /* VSCController.h */ = {isa = PBXFileReference; fileEncoding = 4; lastKnownFileType = sourcecode.c.h; name = VSCController.h; path = ../Sound/Controller/VSCController.h; sourceTree = "<group>"; };
		104636F314E9631300C7AAD9 /* VSCTriggeredController.cpp */ = {isa = PBXFileReference; fileEncoding = 4; lastKnownFileType = sourcecode.cpp.cpp; name = VSCTriggeredController.cpp; path = ../Sound/Controller/VSCTriggeredController.cpp; sourceTree = "<group>"; };
		104636F414E9631300C7AAD9 /* VSCTriggeredController.h */ = {isa = PBXFileReference; fileEncoding = 4; lastKnownFileType = sourcecode.c.h; name = VSCTriggeredController.h; path = ../Sound/Controller/VSCTriggeredController.h; sourceTree = "<group>"; };
		1058C7A7FEA54F5311CA2CBB /* Cocoa.framework */ = {isa = PBXFileReference; lastKnownFileType = wrapper.framework; name = Cocoa.framework; path = /System/Library/Frameworks/Cocoa.framework; sourceTree = "<absolute>"; };
		106A54C4143D097B00455BC2 /* libboost_serialization.a */ = {isa = PBXFileReference; lastKnownFileType = archive.ar; name = libboost_serialization.a; path = lib/libboost_serialization.a; sourceTree = BOOST_ROOT; };
		107A78FC132ADE3700C4B1FE /* VSCEnveloppeView.h */ = {isa = PBXFileReference; fileEncoding = 4; lastKnownFileType = sourcecode.c.h; path = VSCEnveloppeView.h; sourceTree = "<group>"; };
		107A78FD132ADE3700C4B1FE /* VSCEnveloppeView.mm */ = {isa = PBXFileReference; fileEncoding = 4; lastKnownFileType = sourcecode.cpp.objcpp; path = VSCEnveloppeView.mm; sourceTree = "<group>"; };
		109EFA9214E3C96B00EC7AD6 /* RtError.h */ = {isa = PBXFileReference; fileEncoding = 4; lastKnownFileType = sourcecode.c.h; name = RtError.h; path = include/RtError.h; sourceTree = STK_ROOT; };
		109EFA9314E3C96B00EC7AD6 /* RtMidi.h */ = {isa = PBXFileReference; fileEncoding = 4; lastKnownFileType = sourcecode.c.h; name = RtMidi.h; path = include/RtMidi.h; sourceTree = STK_ROOT; };
		109FCFE314D949A40088DCD5 /* libstk.a */ = {isa = PBXFileReference; lastKnownFileType = archive.ar; name = libstk.a; path = lib/libstk.a; sourceTree = STK_ROOT; };
		10A12B4514DFDFCA00B302BC /* VSCEnveloppeDisplaySetup.h */ = {isa = PBXFileReference; fileEncoding = 4; lastKnownFileType = sourcecode.c.h; path = VSCEnveloppeDisplaySetup.h; sourceTree = "<group>"; };
		10A12B4614DFE00800B302BC /* VSCEnveloppeDisplaySetup.cpp */ = {isa = PBXFileReference; fileEncoding = 4; lastKnownFileType = sourcecode.cpp.cpp; path = VSCEnveloppeDisplaySetup.cpp; sourceTree = "<group>"; };
		10A168EA14DAEBFC00413E58 /* QuartzCore.framework */ = {isa = PBXFileReference; lastKnownFileType = wrapper.framework; name = QuartzCore.framework; path = System/Library/Frameworks/QuartzCore.framework; sourceTree = SDKROOT; };
		10DCC6821529F19900DEF66F /* VSCEnveloppeController.h */ = {isa = PBXFileReference; fileEncoding = 4; lastKnownFileType = sourcecode.c.h; path = VSCEnveloppeController.h; sourceTree = "<group>"; };
		10DCC6831529F19900DEF66F /* VSCEnveloppeController.mm */ = {isa = PBXFileReference; fileEncoding = 4; lastKnownFileType = sourcecode.cpp.objcpp; path = VSCEnveloppeController.mm; sourceTree = "<group>"; };
		10DDE63E150A4997009CFFB2 /* VSCManualController.cpp */ = {isa = PBXFileReference; lastKnownFileType = sourcecode.cpp.cpp; name = VSCManualController.cpp; path = ../Sound/Controller/VSCManualController.cpp; sourceTree = "<group>"; };
		10DDE63F150A4997009CFFB2 /* VSCManualController.h */ = {isa = PBXFileReference; lastKnownFileType = sourcecode.c.h; name = VSCManualController.h; path = ../Sound/Controller/VSCManualController.h; sourceTree = "<group>"; };
		10DE92351413EDE600CC602A /* libboost_filesystem.a */ = {isa = PBXFileReference; lastKnownFileType = archive.ar; name = libboost_filesystem.a; path = lib/libboost_filesystem.a; sourceTree = BOOST_ROOT; };
		10DE923D1413EEB200CC602A /* libboost_system.a */ = {isa = PBXFileReference; lastKnownFileType = archive.ar; name = libboost_system.a; path = lib/libboost_system.a; sourceTree = BOOST_ROOT; };
		10E55E65152C823F00DB553F /* VSCMIDI.cpp */ = {isa = PBXFileReference; lastKnownFileType = sourcecode.cpp.cpp; name = VSCMIDI.cpp; path = ../../../../MIDI/VSCMIDI.cpp; sourceTree = "<group>"; };
		10E55E66152C823F00DB553F /* VSCMIDI.h */ = {isa = PBXFileReference; lastKnownFileType = sourcecode.c.h; name = VSCMIDI.h; path = ../../../../MIDI/VSCMIDI.h; sourceTree = "<group>"; };
		10E55E67152C823F00DB553F /* VSCMIDIControlCenter.cpp */ = {isa = PBXFileReference; lastKnownFileType = sourcecode.cpp.cpp; name = VSCMIDIControlCenter.cpp; path = ../../../../MIDI/VSCMIDIControlCenter.cpp; sourceTree = "<group>"; };
		10E55E68152C823F00DB553F /* VSCMIDIControlCenter.h */ = {isa = PBXFileReference; lastKnownFileType = sourcecode.c.h; name = VSCMIDIControlCenter.h; path = ../../../../MIDI/VSCMIDIControlCenter.h; sourceTree = "<group>"; };
		10E55E69152C823F00DB553F /* VSCMIDIController.cpp */ = {isa = PBXFileReference; lastKnownFileType = sourcecode.cpp.cpp; name = VSCMIDIController.cpp; path = ../../../../MIDI/VSCMIDIController.cpp; sourceTree = "<group>"; };
		10E55E6A152C823F00DB553F /* VSCMIDIController.h */ = {isa = PBXFileReference; lastKnownFileType = sourcecode.c.h; name = VSCMIDIController.h; path = ../../../../MIDI/VSCMIDIController.h; sourceTree = "<group>"; };
		10E55E6B152C823F00DB553F /* VSCMIDIOutput.cpp */ = {isa = PBXFileReference; lastKnownFileType = sourcecode.cpp.cpp; name = VSCMIDIOutput.cpp; path = ../../../../MIDI/VSCMIDIOutput.cpp; sourceTree = "<group>"; };
		10E55E6C152C823F00DB553F /* VSCMIDIOutput.h */ = {isa = PBXFileReference; lastKnownFileType = sourcecode.c.h; name = VSCMIDIOutput.h; path = ../../../../MIDI/VSCMIDIOutput.h; sourceTree = "<group>"; };
		10E55E6E152C827000DB553F /* CGColor+VSCAdditions.h */ = {isa = PBXFileReference; fileEncoding = 4; lastKnownFileType = sourcecode.c.h; path = "CGColor+VSCAdditions.h"; sourceTree = "<group>"; };
		10E55E6F152C827000DB553F /* CGColor+VSCAdditions.mm */ = {isa = PBXFileReference; fileEncoding = 4; lastKnownFileType = sourcecode.cpp.objcpp; path = "CGColor+VSCAdditions.mm"; sourceTree = "<group>"; };
		10E55E70152C827000DB553F /* NS+VSCGeomOperations.h */ = {isa = PBXFileReference; fileEncoding = 4; lastKnownFileType = sourcecode.c.h; path = "NS+VSCGeomOperations.h"; sourceTree = "<group>"; };
		10E55E71152C827000DB553F /* NS+VSCGeomOperations.mm */ = {isa = PBXFileReference; fileEncoding = 4; lastKnownFileType = sourcecode.cpp.objcpp; path = "NS+VSCGeomOperations.mm"; sourceTree = "<group>"; };
		10E55E72152C827000DB553F /* NSApplication+VSCAdditions.h */ = {isa = PBXFileReference; fileEncoding = 4; lastKnownFileType = sourcecode.c.h; path = "NSApplication+VSCAdditions.h"; sourceTree = "<group>"; };
		10E55E73152C827000DB553F /* NSApplication+VSCAdditions.m */ = {isa = PBXFileReference; fileEncoding = 4; lastKnownFileType = sourcecode.c.objc; path = "NSApplication+VSCAdditions.m"; sourceTree = "<group>"; };
		10E55E74152C827000DB553F /* NSFileManager+VSCAdditions.h */ = {isa = PBXFileReference; fileEncoding = 4; lastKnownFileType = sourcecode.c.h; path = "NSFileManager+VSCAdditions.h"; sourceTree = "<group>"; };
		10E55E75152C827000DB553F /* NSFileManager+VSCAdditions.m */ = {isa = PBXFileReference; fileEncoding = 4; lastKnownFileType = sourcecode.c.objc; path = "NSFileManager+VSCAdditions.m"; sourceTree = "<group>"; };
		10E55E76152C827000DB553F /* NSString+VSCAdditions.h */ = {isa = PBXFileReference; fileEncoding = 4; lastKnownFileType = sourcecode.c.h; path = "NSString+VSCAdditions.h"; sourceTree = "<group>"; };
		10E55E77152C827000DB553F /* NSString+VSCAdditions.mm */ = {isa = PBXFileReference; fileEncoding = 4; lastKnownFileType = sourcecode.cpp.objcpp; path = "NSString+VSCAdditions.mm"; sourceTree = "<group>"; };
		10E55E7E152C828400DB553F /* VSCBoost.cpp */ = {isa = PBXFileReference; fileEncoding = 4; lastKnownFileType = sourcecode.cpp.cpp; path = VSCBoost.cpp; sourceTree = "<group>"; };
		10E55E7F152C828400DB553F /* VSCBoost.h */ = {isa = PBXFileReference; fileEncoding = 4; lastKnownFileType = sourcecode.c.h; path = VSCBoost.h; sourceTree = "<group>"; };
		10E55E80152C828400DB553F /* VSCColour.cpp */ = {isa = PBXFileReference; fileEncoding = 4; lastKnownFileType = sourcecode.cpp.cpp; path = VSCColour.cpp; sourceTree = "<group>"; };
		10E55E81152C828400DB553F /* VSCColour.h */ = {isa = PBXFileReference; fileEncoding = 4; lastKnownFileType = sourcecode.c.h; path = VSCColour.h; sourceTree = "<group>"; };
		10E55E82152C828400DB553F /* VSCException.cpp */ = {isa = PBXFileReference; fileEncoding = 4; lastKnownFileType = sourcecode.cpp.cpp; path = VSCException.cpp; sourceTree = "<group>"; };
		10E55E83152C828400DB553F /* VSCException.h */ = {isa = PBXFileReference; fileEncoding = 4; lastKnownFileType = sourcecode.c.h; path = VSCException.h; sourceTree = "<group>"; };
		10E55E84152C828400DB553F /* VSCGUI.cpp */ = {isa = PBXFileReference; fileEncoding = 4; lastKnownFileType = sourcecode.cpp.cpp; path = VSCGUI.cpp; sourceTree = "<group>"; };
		10E55E85152C828400DB553F /* VSCGUI.h */ = {isa = PBXFileReference; fileEncoding = 4; lastKnownFileType = sourcecode.c.h; path = VSCGUI.h; sourceTree = "<group>"; };
		10E55E86152C828400DB553F /* VSCMath.cpp */ = {isa = PBXFileReference; fileEncoding = 4; lastKnownFileType = sourcecode.cpp.cpp; path = VSCMath.cpp; sourceTree = "<group>"; };
		10E55E87152C828400DB553F /* VSCMath.h */ = {isa = PBXFileReference; fileEncoding = 4; lastKnownFileType = sourcecode.c.h; path = VSCMath.h; sourceTree = "<group>"; };
		10E55E8D152C82A300DB553F /* VSCEnveloppe.cpp */ = {isa = PBXFileReference; lastKnownFileType = sourcecode.cpp.cpp; name = VSCEnveloppe.cpp; path = ../../../../Enveloppe/VSCEnveloppe.cpp; sourceTree = "<group>"; };
		10E55E8E152C82A300DB553F /* VSCEnveloppe.h */ = {isa = PBXFileReference; lastKnownFileType = sourcecode.c.h; name = VSCEnveloppe.h; path = ../../../../Enveloppe/VSCEnveloppe.h; sourceTree = "<group>"; };
		10E55E8F152C82A300DB553F /* VSCEnveloppeCoordinate.cpp */ = {isa = PBXFileReference; lastKnownFileType = sourcecode.cpp.cpp; name = VSCEnveloppeCoordinate.cpp; path = ../../../../Enveloppe/VSCEnveloppeCoordinate.cpp; sourceTree = "<group>"; };
		10E55E90152C82A300DB553F /* VSCEnveloppeCoordinate.h */ = {isa = PBXFileReference; lastKnownFileType = sourcecode.c.h; name = VSCEnveloppeCoordinate.h; path = ../../../../Enveloppe/VSCEnveloppeCoordinate.h; sourceTree = "<group>"; };
		10E55E91152C82A300DB553F /* VSCEnveloppePoint.cpp */ = {isa = PBXFileReference; lastKnownFileType = sourcecode.cpp.cpp; name = VSCEnveloppePoint.cpp; path = ../../../../Enveloppe/VSCEnveloppePoint.cpp; sourceTree = "<group>"; };
		10E55E92152C82A300DB553F /* VSCEnveloppePoint.h */ = {isa = PBXFileReference; lastKnownFileType = sourcecode.c.h; name = VSCEnveloppePoint.h; path = ../../../../Enveloppe/VSCEnveloppePoint.h; sourceTree = "<group>"; };
		10E55E93152C82AD00DB553F /* VSCSound.cpp */ = {isa = PBXFileReference; lastKnownFileType = sourcecode.cpp.cpp; name = VSCSound.cpp; path = ../../../../Sound/VSCSound.cpp; sourceTree = "<group>"; };
		10E55E94152C82AD00DB553F /* VSCSound.h */ = {isa = PBXFileReference; lastKnownFileType = sourcecode.c.h; name = VSCSound.h; path = ../../../../Sound/VSCSound.h; sourceTree = "<group>"; };
		10E55E95152C82D100DB553F /* VSCMIDITest.h */ = {isa = PBXFileReference; lastKnownFileType = sourcecode.c.h; name = VSCMIDITest.h; path = ../../MIDI/VSCMIDITest.h; sourceTree = "<group>"; };
		10E55E96152C82D100DB553F /* VSCMIDITest.mm */ = {isa = PBXFileReference; lastKnownFileType = sourcecode.cpp.objcpp; name = VSCMIDITest.mm; path = ../../MIDI/VSCMIDITest.mm; sourceTree = "<group>"; };
		10E55E97152C82D100DB553F /* VSCMIDITestController.h */ = {isa = PBXFileReference; lastKnownFileType = sourcecode.c.h; name = VSCMIDITestController.h; path = ../../MIDI/VSCMIDITestController.h; sourceTree = "<group>"; };
		10E55E98152C82D100DB553F /* VSCMIDITestController.mm */ = {isa = PBXFileReference; lastKnownFileType = sourcecode.cpp.objcpp; name = VSCMIDITestController.mm; path = ../../MIDI/VSCMIDITestController.mm; sourceTree = "<group>"; };
		10E55E99152C82D100DB553F /* VSCMIDITestView.h */ = {isa = PBXFileReference; lastKnownFileType = sourcecode.c.h; name = VSCMIDITestView.h; path = ../../MIDI/VSCMIDITestView.h; sourceTree = "<group>"; };
		10E55E9A152C82D100DB553F /* VSCMIDITestView.mm */ = {isa = PBXFileReference; lastKnownFileType = sourcecode.cpp.objcpp; name = VSCMIDITestView.mm; path = ../../MIDI/VSCMIDITestView.mm; sourceTree = "<group>"; };
		10E55E9B152C82D100DB553F /* VSCMIDITestWindowController.mm */ = {isa = PBXFileReference; lastKnownFileType = sourcecode.cpp.objcpp; name = VSCMIDITestWindowController.mm; path = ../../MIDI/VSCMIDITestWindowController.mm; sourceTree = "<group>"; };
		10E55E9C152C82D100DB553F /* VSCMIDITestWindowController.xib */ = {isa = PBXFileReference; lastKnownFileType = file.xib; name = VSCMIDITestWindowController.xib; path = ../../MIDI/VSCMIDITestWindowController.xib; sourceTree = "<group>"; };
		10E55E9D152C82F500DB553F /* VSCMIDITestWindowController.h */ = {isa = PBXFileReference; lastKnownFileType = sourcecode.c.h; name = VSCMIDITestWindowController.h; path = ../../MIDI/VSCMIDITestWindowController.h; sourceTree = "<group>"; };
		10F47DF2152AE90D002662A7 /* VSCEnveloppeLayer.h */ = {isa = PBXFileReference; fileEncoding = 4; lastKnownFileType = sourcecode.c.h; path = VSCEnveloppeLayer.h; sourceTree = "<group>"; };
		10F47DF3152AE90D002662A7 /* VSCEnveloppeLayer.m */ = {isa = PBXFileReference; fileEncoding = 4; lastKnownFileType = sourcecode.c.objc; path = VSCEnveloppeLayer.m; sourceTree = "<group>"; };
		13E42FBA07B3F13500E4EEF1 /* CoreData.framework */ = {isa = PBXFileReference; lastKnownFileType = wrapper.framework; name = CoreData.framework; path = /System/Library/Frameworks/CoreData.framework; sourceTree = "<absolute>"; };
		1DDD582B0DA1D0D100B32029 /* English */ = {isa = PBXFileReference; lastKnownFileType = file.xib; name = English; path = English.lproj/MainMenu.xib; sourceTree = "<group>"; };
		2564AD2C0F5327BB00F57823 /* EnveloppeEditor_Prefix.pch */ = {isa = PBXFileReference; fileEncoding = 4; lastKnownFileType = sourcecode.c.h; path = EnveloppeEditor_Prefix.pch; sourceTree = "<group>"; };
		2A37F4B0FDCFA73011CA2CEA /* main.m */ = {isa = PBXFileReference; fileEncoding = 4; lastKnownFileType = sourcecode.c.objc; path = main.m; sourceTree = "<group>"; };
		2A37F4BAFDCFA73011CA2CEA /* English */ = {isa = PBXFileReference; lastKnownFileType = text.rtf; name = English; path = English.lproj/Credits.rtf; sourceTree = "<group>"; };
		2A37F4C4FDCFA73011CA2CEA /* AppKit.framework */ = {isa = PBXFileReference; lastKnownFileType = wrapper.framework; name = AppKit.framework; path = /System/Library/Frameworks/AppKit.framework; sourceTree = "<absolute>"; };
		2A37F4C5FDCFA73011CA2CEA /* Foundation.framework */ = {isa = PBXFileReference; lastKnownFileType = wrapper.framework; name = Foundation.framework; path = /System/Library/Frameworks/Foundation.framework; sourceTree = "<absolute>"; };
		8D15AC360486D014006FF6A4 /* EnveloppeEditor-Info.plist */ = {isa = PBXFileReference; fileEncoding = 4; lastKnownFileType = text.plist.xml; path = "EnveloppeEditor-Info.plist"; sourceTree = "<group>"; };
		8D15AC370486D014006FF6A4 /* EnveloppeEditor.app */ = {isa = PBXFileReference; explicitFileType = wrapper.application; includeInIndex = 0; path = EnveloppeEditor.app; sourceTree = BUILT_PRODUCTS_DIR; };
/* End PBXFileReference section */

/* Begin PBXFrameworksBuildPhase section */
		8D15AC330486D014006FF6A4 /* Frameworks */ = {
			isa = PBXFrameworksBuildPhase;
			buildActionMask = 2147483647;
			files = (
				104225C6151A344D00E1F68D /* CoreAudio.framework in Frameworks */,
				104225C4151A343C00E1F68D /* CoreFoundation.framework in Frameworks */,
				104225C2151A335B00E1F68D /* CoreMIDI.framework in Frameworks */,
				10A168EB14DAEBFC00413E58 /* QuartzCore.framework in Frameworks */,
				8D15AC340486D014006FF6A4 /* Cocoa.framework in Frameworks */,
				10DE92361413EDE600CC602A /* libboost_filesystem.a in Frameworks */,
				10DE923E1413EEB200CC602A /* libboost_system.a in Frameworks */,
				106A54C5143D097B00455BC2 /* libboost_serialization.a in Frameworks */,
				109FCFE414D949A40088DCD5 /* libstk.a in Frameworks */,
			);
			runOnlyForDeploymentPostprocessing = 0;
		};
/* End PBXFrameworksBuildPhase section */

/* Begin PBXGroup section */
		1003F7AF1517466400D681DD /* Window Controllers */ = {
			isa = PBXGroup;
			children = (
				10E55E9D152C82F500DB553F /* VSCMIDITestWindowController.h */,
				10E55E9B152C82D100DB553F /* VSCMIDITestWindowController.mm */,
				102C2144141CFA4000EEEF55 /* VSCEnveloppeEditorWindowController.h */,
				102C2145141CFA4000EEEF55 /* VSCEnveloppeEditorWindowController.mm */,
			);
			name = "Window Controllers";
			sourceTree = "<group>";
		};
		1017811F132BF9BF001C6A96 /* Apple */ = {
			isa = PBXGroup;
			children = (
				10E55E6D152C827000DB553F /* Categories */,
			);
			name = Apple;
			sourceTree = "<group>";
		};
		102C2147141CFAC400EEEF55 /* Nibs */ = {
			isa = PBXGroup;
			children = (
				102C2155141D017500EEEF55 /* VSCEnveloppeEditorWindowController.xib */,
				10E55E9C152C82D100DB553F /* VSCMIDITestWindowController.xib */,
				1DDD582A0DA1D0D100B32029 /* MainMenu.xib */,
			);
			name = Nibs;
			sourceTree = "<group>";
		};
		104636EF14E9578400C7AAD9 /* Controller */ = {
			isa = PBXGroup;
			children = (
				104636F314E9631300C7AAD9 /* VSCTriggeredController.cpp */,
				104636F414E9631300C7AAD9 /* VSCTriggeredController.h */,
				10DDE63E150A4997009CFFB2 /* VSCManualController.cpp */,
				10DDE63F150A4997009CFFB2 /* VSCManualController.h */,
				104636F014E9587500C7AAD9 /* VSCController.cpp */,
				104636F114E9587500C7AAD9 /* VSCController.h */,
			);
			name = Controller;
			sourceTree = "<group>";
		};
		1058C7A6FEA54F5311CA2CBB /* Linked Frameworks */ = {
			isa = PBXGroup;
			children = (
				104225C5151A344D00E1F68D /* CoreAudio.framework */,
				104225C3151A343C00E1F68D /* CoreFoundation.framework */,
				2A37F4C4FDCFA73011CA2CEA /* AppKit.framework */,
				13E42FBA07B3F13500E4EEF1 /* CoreData.framework */,
				2A37F4C5FDCFA73011CA2CEA /* Foundation.framework */,
				1058C7A7FEA54F5311CA2CBB /* Cocoa.framework */,
				104225C1151A335B00E1F68D /* CoreMIDI.framework */,
				10A168EA14DAEBFC00413E58 /* QuartzCore.framework */,
			);
			name = "Linked Frameworks";
			sourceTree = "<group>";
		};
		1058C7A8FEA54F5311CA2CBB /* Other Frameworks */ = {
			isa = PBXGroup;
			children = (
				109FCFE314D949A40088DCD5 /* libstk.a */,
				10DE923D1413EEB200CC602A /* libboost_system.a */,
				10DE92351413EDE600CC602A /* libboost_filesystem.a */,
				106A54C4143D097B00455BC2 /* libboost_serialization.a */,
			);
			name = "Other Frameworks";
			sourceTree = "<group>";
		};
		107A7902132ADF0500C4B1FE /* Enveloppe Document */ = {
			isa = PBXGroup;
			children = (
				1030EFE1132985C300E4BCA1 /* VSCEnveloppeEditorDocument.h */,
				1030EFE2132985C300E4BCA1 /* VSCEnveloppeEditorDocument.mm */,
			);
			name = "Enveloppe Document";
			sourceTree = "<group>";
		};
		107A7903132ADF1500C4B1FE /* Enveloppe */ = {
			isa = PBXGroup;
			children = (
				10E55E93152C82AD00DB553F /* VSCSound.cpp */,
				10E55E94152C82AD00DB553F /* VSCSound.h */,
				10E55E8D152C82A300DB553F /* VSCEnveloppe.cpp */,
				10E55E8E152C82A300DB553F /* VSCEnveloppe.h */,
				10E55E8F152C82A300DB553F /* VSCEnveloppeCoordinate.cpp */,
				10E55E90152C82A300DB553F /* VSCEnveloppeCoordinate.h */,
				10E55E91152C82A300DB553F /* VSCEnveloppePoint.cpp */,
				10E55E92152C82A300DB553F /* VSCEnveloppePoint.h */,
				1023D46313E8A58700BB9080 /* VSCEnveloppeViewSetup.h */,
				1023D46413E8A58700BB9080 /* VSCEnveloppeViewSetup.cpp */,
				10A12B4514DFDFCA00B302BC /* VSCEnveloppeDisplaySetup.h */,
				10A12B4614DFE00800B302BC /* VSCEnveloppeDisplaySetup.cpp */,
			);
			name = Enveloppe;
			sourceTree = "<group>";
		};
		107A7904132ADF2000C4B1FE /* Enveloppe View And Controller */ = {
			isa = PBXGroup;
			children = (
				10F47DF2152AE90D002662A7 /* VSCEnveloppeLayer.h */,
				10F47DF3152AE90D002662A7 /* VSCEnveloppeLayer.m */,
				107A78FC132ADE3700C4B1FE /* VSCEnveloppeView.h */,
				107A78FD132ADE3700C4B1FE /* VSCEnveloppeView.mm */,
				10DCC6821529F19900DEF66F /* VSCEnveloppeController.h */,
				10DCC6831529F19900DEF66F /* VSCEnveloppeController.mm */,
			);
			name = "Enveloppe View And Controller";
			sourceTree = "<group>";
		};
		109EFA9114E3C90500EC7AD6 /* STK */ = {
			isa = PBXGroup;
			children = (
				109EFA9214E3C96B00EC7AD6 /* RtError.h */,
				109EFA9314E3C96B00EC7AD6 /* RtMidi.h */,
			);
			name = STK;
			sourceTree = "<group>";
		};
		10A12B4814DFE97C00B302BC /* MIDI */ = {
			isa = PBXGroup;
			children = (
				10E55E65152C823F00DB553F /* VSCMIDI.cpp */,
				10E55E66152C823F00DB553F /* VSCMIDI.h */,
				10E55E67152C823F00DB553F /* VSCMIDIControlCenter.cpp */,
				10E55E68152C823F00DB553F /* VSCMIDIControlCenter.h */,
				10E55E69152C823F00DB553F /* VSCMIDIController.cpp */,
				10E55E6A152C823F00DB553F /* VSCMIDIController.h */,
				10E55E6B152C823F00DB553F /* VSCMIDIOutput.cpp */,
				10E55E6C152C823F00DB553F /* VSCMIDIOutput.h */,
			);
			name = MIDI;
			sourceTree = "<group>";
		};
		10DDE640150A5A6A009CFFB2 /* MIDI View And Controller */ = {
			isa = PBXGroup;
			children = (
				10E55E95152C82D100DB553F /* VSCMIDITest.h */,
				10E55E96152C82D100DB553F /* VSCMIDITest.mm */,
				10E55E97152C82D100DB553F /* VSCMIDITestController.h */,
				10E55E98152C82D100DB553F /* VSCMIDITestController.mm */,
				10E55E99152C82D100DB553F /* VSCMIDITestView.h */,
				10E55E9A152C82D100DB553F /* VSCMIDITestView.mm */,
			);
			name = "MIDI View And Controller";
			sourceTree = "<group>";
		};
		10E55E6D152C827000DB553F /* Categories */ = {
			isa = PBXGroup;
			children = (
				10E55E6E152C827000DB553F /* CGColor+VSCAdditions.h */,
				10E55E6F152C827000DB553F /* CGColor+VSCAdditions.mm */,
				10E55E70152C827000DB553F /* NS+VSCGeomOperations.h */,
				10E55E71152C827000DB553F /* NS+VSCGeomOperations.mm */,
				10E55E72152C827000DB553F /* NSApplication+VSCAdditions.h */,
				10E55E73152C827000DB553F /* NSApplication+VSCAdditions.m */,
				10E55E74152C827000DB553F /* NSFileManager+VSCAdditions.h */,
				10E55E75152C827000DB553F /* NSFileManager+VSCAdditions.m */,
				10E55E76152C827000DB553F /* NSString+VSCAdditions.h */,
				10E55E77152C827000DB553F /* NSString+VSCAdditions.mm */,
			);
			name = Categories;
			path = ../../../Categories;
			sourceTree = "<group>";
		};
		10E55E7D152C828400DB553F /* Generic */ = {
			isa = PBXGroup;
			children = (
				10E55E7E152C828400DB553F /* VSCBoost.cpp */,
				10E55E7F152C828400DB553F /* VSCBoost.h */,
				10E55E80152C828400DB553F /* VSCColour.cpp */,
				10E55E81152C828400DB553F /* VSCColour.h */,
				10E55E82152C828400DB553F /* VSCException.cpp */,
				10E55E83152C828400DB553F /* VSCException.h */,
				10E55E84152C828400DB553F /* VSCGUI.cpp */,
				10E55E85152C828400DB553F /* VSCGUI.h */,
				10E55E86152C828400DB553F /* VSCMath.cpp */,
				10E55E87152C828400DB553F /* VSCMath.h */,
			);
			name = Generic;
			path = ../../../../Generic;
			sourceTree = "<group>";
		};
		19C28FB0FE9D524F11CA2CBB /* Products */ = {
			isa = PBXGroup;
			children = (
				8D15AC370486D014006FF6A4 /* EnveloppeEditor.app */,
			);
			name = Products;
			sourceTree = "<group>";
		};
		2A37F4AAFDCFA73011CA2CEA /* EnveloppeEditor */ = {
			isa = PBXGroup;
			children = (
				2A37F4ABFDCFA73011CA2CEA /* Classes */,
				2A37F4AFFDCFA73011CA2CEA /* Other Sources */,
				2A37F4B8FDCFA73011CA2CEA /* Resources */,
				2A37F4C3FDCFA73011CA2CEA /* Frameworks */,
				19C28FB0FE9D524F11CA2CBB /* Products */,
			);
			name = EnveloppeEditor;
			sourceTree = "<group>";
		};
		2A37F4ABFDCFA73011CA2CEA /* Classes */ = {
			isa = PBXGroup;
			children = (
				104636EF14E9578400C7AAD9 /* Controller */,
				109EFA9114E3C90500EC7AD6 /* STK */,
				10A12B4814DFE97C00B302BC /* MIDI */,
				10E55E7D152C828400DB553F /* Generic */,
				1017811F132BF9BF001C6A96 /* Apple */,
				107A7903132ADF1500C4B1FE /* Enveloppe */,
				10DDE640150A5A6A009CFFB2 /* MIDI View And Controller */,
				107A7904132ADF2000C4B1FE /* Enveloppe View And Controller */,
				1003F7AF1517466400D681DD /* Window Controllers */,
				107A7902132ADF0500C4B1FE /* Enveloppe Document */,
			);
			name = Classes;
			sourceTree = "<group>";
		};
		2A37F4AFFDCFA73011CA2CEA /* Other Sources */ = {
			isa = PBXGroup;
			children = (
				2564AD2C0F5327BB00F57823 /* EnveloppeEditor_Prefix.pch */,
				2A37F4B0FDCFA73011CA2CEA /* main.m */,
			);
			name = "Other Sources";
			sourceTree = "<group>";
		};
		2A37F4B8FDCFA73011CA2CEA /* Resources */ = {
			isa = PBXGroup;
			children = (
				102C2147141CFAC400EEEF55 /* Nibs */,
				2A37F4B9FDCFA73011CA2CEA /* Credits.rtf */,
				8D15AC360486D014006FF6A4 /* EnveloppeEditor-Info.plist */,
				089C165FFE840EACC02AAC07 /* InfoPlist.strings */,
			);
			name = Resources;
			sourceTree = "<group>";
		};
		2A37F4C3FDCFA73011CA2CEA /* Frameworks */ = {
			isa = PBXGroup;
			children = (
				1058C7A6FEA54F5311CA2CBB /* Linked Frameworks */,
				1058C7A8FEA54F5311CA2CBB /* Other Frameworks */,
			);
			name = Frameworks;
			sourceTree = "<group>";
		};
/* End PBXGroup section */

/* Begin PBXNativeTarget section */
		8D15AC270486D014006FF6A4 /* EnveloppeEditor */ = {
			isa = PBXNativeTarget;
			buildConfigurationList = C05733C708A9546B00998B17 /* Build configuration list for PBXNativeTarget "EnveloppeEditor" */;
			buildPhases = (
				8D15AC2B0486D014006FF6A4 /* Resources */,
				8D15AC300486D014006FF6A4 /* Sources */,
				8D15AC330486D014006FF6A4 /* Frameworks */,
			);
			buildRules = (
			);
			dependencies = (
			);
			name = EnveloppeEditor;
			productInstallPath = "$(HOME)/Applications";
			productName = EnveloppeEditor;
			productReference = 8D15AC370486D014006FF6A4 /* EnveloppeEditor.app */;
			productType = "com.apple.product-type.application";
		};
/* End PBXNativeTarget section */

/* Begin PBXProject section */
		2A37F4A9FDCFA73011CA2CEA /* Project object */ = {
			isa = PBXProject;
			attributes = {
				LastUpgradeCheck = 0430;
			};
			buildConfigurationList = C05733CB08A9546B00998B17 /* Build configuration list for PBXProject "EnveloppeEditor" */;
			compatibilityVersion = "Xcode 3.2";
			developmentRegion = English;
			hasScannedForEncodings = 1;
			knownRegions = (
				English,
				Japanese,
				French,
				German,
			);
			mainGroup = 2A37F4AAFDCFA73011CA2CEA /* EnveloppeEditor */;
			projectDirPath = "";
			projectRoot = "";
			targets = (
				8D15AC270486D014006FF6A4 /* EnveloppeEditor */,
			);
		};
/* End PBXProject section */

/* Begin PBXResourcesBuildPhase section */
		8D15AC2B0486D014006FF6A4 /* Resources */ = {
			isa = PBXResourcesBuildPhase;
			buildActionMask = 2147483647;
			files = (
				8D15AC2C0486D014006FF6A4 /* Credits.rtf in Resources */,
				8D15AC2F0486D014006FF6A4 /* InfoPlist.strings in Resources */,
				1DDD582D0DA1D0D100B32029 /* MainMenu.xib in Resources */,
				102C2156141D017500EEEF55 /* VSCEnveloppeEditorWindowController.xib in Resources */,
			);
			runOnlyForDeploymentPostprocessing = 0;
		};
/* End PBXResourcesBuildPhase section */

/* Begin PBXSourcesBuildPhase section */
		8D15AC300486D014006FF6A4 /* Sources */ = {
			isa = PBXSourcesBuildPhase;
			buildActionMask = 2147483647;
			files = (
				1023D46513E8A58700BB9080 /* VSCEnveloppeViewSetup.cpp in Sources */,
				10A12B4714DFE00800B302BC /* VSCEnveloppeDisplaySetup.cpp in Sources */,
				104636F214E9587500C7AAD9 /* VSCController.cpp in Sources */,
				104636F514E9631300C7AAD9 /* VSCTriggeredController.cpp in Sources */,
				10946E4E1526050B002B9F66 /* main.m in Sources */,
				1030EFE3132985C300E4BCA1 /* VSCEnveloppeEditorDocument.mm in Sources */,
				107A78FE132ADE3700C4B1FE /* VSCEnveloppeView.mm in Sources */,
				102C2146141CFA4000EEEF55 /* VSCEnveloppeEditorWindowController.mm in Sources */,
				10DCC6841529F19900DEF66F /* VSCEnveloppeController.mm in Sources */,
				10F47DF4152AE90D002662A7 /* VSCEnveloppeLayer.m in Sources */,
				10E55E78152C827000DB553F /* CGColor+VSCAdditions.mm in Sources */,
				10E55E79152C827000DB553F /* NS+VSCGeomOperations.mm in Sources */,
				10E55E7A152C827000DB553F /* NSApplication+VSCAdditions.m in Sources */,
				10E55E7B152C827000DB553F /* NSFileManager+VSCAdditions.m in Sources */,
				10E55E7C152C827000DB553F /* NSString+VSCAdditions.mm in Sources */,
				10E55E88152C828400DB553F /* VSCBoost.cpp in Sources */,
				10E55E89152C828400DB553F /* VSCColour.cpp in Sources */,
				10E55E8A152C828400DB553F /* VSCException.cpp in Sources */,
				10E55E8B152C828400DB553F /* VSCGUI.cpp in Sources */,
				10E55E8C152C828400DB553F /* VSCMath.cpp in Sources */,
			);
			runOnlyForDeploymentPostprocessing = 0;
		};
/* End PBXSourcesBuildPhase section */

/* Begin PBXVariantGroup section */
		089C165FFE840EACC02AAC07 /* InfoPlist.strings */ = {
			isa = PBXVariantGroup;
			children = (
				089C1660FE840EACC02AAC07 /* English */,
			);
			name = InfoPlist.strings;
			sourceTree = "<group>";
		};
		1DDD582A0DA1D0D100B32029 /* MainMenu.xib */ = {
			isa = PBXVariantGroup;
			children = (
				1DDD582B0DA1D0D100B32029 /* English */,
			);
			name = MainMenu.xib;
			sourceTree = "<group>";
		};
		2A37F4B9FDCFA73011CA2CEA /* Credits.rtf */ = {
			isa = PBXVariantGroup;
			children = (
				2A37F4BAFDCFA73011CA2CEA /* English */,
			);
			name = Credits.rtf;
			sourceTree = "<group>";
		};
/* End PBXVariantGroup section */

/* Begin XCBuildConfiguration section */
		C05733C808A9546B00998B17 /* Debug */ = {
			isa = XCBuildConfiguration;
			buildSettings = {
				ALWAYS_SEARCH_USER_PATHS = NO;
				ARCHS = "$(ARCHS_STANDARD_64_BIT)";
				COPY_PHASE_STRIP = NO;
				FRAMEWORK_SEARCH_PATHS = (
					"$(inherited)",
					"\"$(SRCROOT)/../../../../Library/Developer/Xcode/DerivedData/EnveloppeEditor-ezlqbgktjzfuevbngsdockiipooi/Build/Products/Debug\"",
				);
				GCC_DYNAMIC_NO_PIC = NO;
				GCC_MODEL_TUNING = G5;
				GCC_OPTIMIZATION_LEVEL = 0;
				GCC_PRECOMPILE_PREFIX_HEADER = YES;
				GCC_PREFIX_HEADER = EnveloppeEditor_Prefix.pch;
				GCC_VERSION = com.apple.compilers.llvm.clang.1_0;
				HEADER_SEARCH_PATHS = (
					"$(BOOST_ROOT)/include/",
					"$(STK_ROOT)/include/",
				);
				INFOPLIST_FILE = "EnveloppeEditor-Info.plist";
				INSTALL_PATH = "$(HOME)/Applications";
				LIBRARY_SEARCH_PATHS = (
					"$(inherited)",
					"\"$(STK_ROOT)/lib/\"",
					"\"$(BOOST_ROOT)/lib/\"",
				);
				PRODUCT_NAME = EnveloppeEditor;
			};
			name = Debug;
		};
		C05733C908A9546B00998B17 /* Release */ = {
			isa = XCBuildConfiguration;
			buildSettings = {
				ALWAYS_SEARCH_USER_PATHS = NO;
				ARCHS = "$(ARCHS_STANDARD_64_BIT)";
				DEBUG_INFORMATION_FORMAT = "dwarf-with-dsym";
				FRAMEWORK_SEARCH_PATHS = (
					"$(inherited)",
					"\"$(SRCROOT)/../../../../Library/Developer/Xcode/DerivedData/EnveloppeEditor-ezlqbgktjzfuevbngsdockiipooi/Build/Products/Debug\"",
				);
				GCC_MODEL_TUNING = G5;
				GCC_PRECOMPILE_PREFIX_HEADER = YES;
				GCC_PREFIX_HEADER = EnveloppeEditor_Prefix.pch;
				GCC_VERSION = com.apple.compilers.llvm.clang.1_0;
				HEADER_SEARCH_PATHS = (
					"$(BOOST_ROOT)/include/",
					"$(STK_ROOT)/include/",
				);
				INFOPLIST_FILE = "EnveloppeEditor-Info.plist";
				INSTALL_PATH = "$(HOME)/Applications";
				LIBRARY_SEARCH_PATHS = (
					"$(inherited)",
					"\"$(STK_ROOT)/lib/\"",
					"\"$(BOOST_ROOT)/lib/\"",
				);
				PRODUCT_NAME = EnveloppeEditor;
			};
			name = Release;
		};
		C05733CC08A9546B00998B17 /* Debug */ = {
			isa = XCBuildConfiguration;
			buildSettings = {
				ARCHS = "$(ARCHS_STANDARD_32_64_BIT)";
				CLANG_ENABLE_OBJC_ARC = YES;
				CLANG_WARN_OBJCPP_ARC_ABI = YES;
				GCC_C_LANGUAGE_STANDARD = gnu99;
				GCC_OPTIMIZATION_LEVEL = 0;
				GCC_PREPROCESSOR_DEFINITIONS = (
					VSC_DEBUG,
					VSC_DEBUG_COCOA_DRAW,
				);
				GCC_WARN_ABOUT_RETURN_TYPE = YES;
				GCC_WARN_UNUSED_VARIABLE = YES;
				HEADER_SEARCH_PATHS = (
					"$(BOOST_ROOT)/include/",
					"$(STK_ROOT)/include/",
					"$(CORE_PLOT_ROOT)/Source/framework",
					"$(CORE_PLOT_ROOT)/Source/framework/MacOnly",
				);
				LIBRARY_SEARCH_PATHS = (
					"$(BOOST_LIB)",
					"$(STK_LIB)",
				);
				ONLY_ACTIVE_ARCH = YES;
				OTHER_LDFLAGS = "";
				SDKROOT = macosx;
			};
			name = Debug;
		};
		C05733CD08A9546B00998B17 /* Release */ = {
			isa = XCBuildConfiguration;
			buildSettings = {
				ARCHS = "$(ARCHS_STANDARD_32_64_BIT)";
				CLANG_ENABLE_OBJC_ARC = YES;
				CLANG_WARN_OBJCPP_ARC_ABI = YES;
				GCC_C_LANGUAGE_STANDARD = gnu99;
				GCC_PREPROCESSOR_DEFINITIONS = "";
				GCC_WARN_ABOUT_RETURN_TYPE = YES;
				GCC_WARN_UNUSED_VARIABLE = YES;
				HEADER_SEARCH_PATHS = (
					"$(BOOST_ROOT)/include/",
					"$(STK_ROOT)/include/",
					"$(CORE_PLOT_ROOT)/Source/framework",
					"$(CORE_PLOT_ROOT)/Source/framework/MacOnly",
				);
				LIBRARY_SEARCH_PATHS = (
					"$(BOOST_LIB)",
					"$(STK_LIB)",
				);
				OTHER_LDFLAGS = "";
				SDKROOT = macosx;
			};
			name = Release;
		};
/* End XCBuildConfiguration section */

/* Begin XCConfigurationList section */
		C05733C708A9546B00998B17 /* Build configuration list for PBXNativeTarget "EnveloppeEditor" */ = {
			isa = XCConfigurationList;
			buildConfigurations = (
				C05733C808A9546B00998B17 /* Debug */,
				C05733C908A9546B00998B17 /* Release */,
			);
			defaultConfigurationIsVisible = 0;
			defaultConfigurationName = Release;
		};
		C05733CB08A9546B00998B17 /* Build configuration list for PBXProject "EnveloppeEditor" */ = {
			isa = XCConfigurationList;
			buildConfigurations = (
				C05733CC08A9546B00998B17 /* Debug */,
				C05733CD08A9546B00998B17 /* Release */,
			);
			defaultConfigurationIsVisible = 0;
			defaultConfigurationName = Release;
		};
/* End XCConfigurationList section */
	};
	rootObject = 2A37F4A9FDCFA73011CA2CEA /* Project object */;
}
