// !$*UTF8*$!
{
	archiveVersion = 1;
	classes = {
	};
	objectVersion = 45;
	objects = {

/* Begin PBXBuildFile section */
		1017811E132BF9B6001C6A96 /* NSGeomOperations.c in Sources */ = {isa = PBXBuildFile; fileRef = 1017811D132BF9B6001C6A96 /* NSGeomOperations.c */; };
		1030EFE3132985C300E4BCA1 /* EnveloppeEditorDocument.m in Sources */ = {isa = PBXBuildFile; fileRef = 1030EFE2132985C300E4BCA1 /* EnveloppeEditorDocument.m */; };
		1030EFE7132985E800E4BCA1 /* EnveloppeEditorDocument.xib in Resources */ = {isa = PBXBuildFile; fileRef = 1030EFE5132985E800E4BCA1 /* EnveloppeEditorDocument.xib */; };
		1030EFEB132986AD00E4BCA1 /* Enveloppe.m in Sources */ = {isa = PBXBuildFile; fileRef = 1030EFEA132986AD00E4BCA1 /* Enveloppe.m */; };
		1030EFEE132986DB00E4BCA1 /* EnveloppeControlPoint.m in Sources */ = {isa = PBXBuildFile; fileRef = 1030EFED132986DB00E4BCA1 /* EnveloppeControlPoint.m */; };
		107A78FE132ADE3700C4B1FE /* EnveloppeView.m in Sources */ = {isa = PBXBuildFile; fileRef = 107A78FD132ADE3700C4B1FE /* EnveloppeView.m */; };
		107A7901132ADF0000C4B1FE /* EnveloppeViewSetup.m in Sources */ = {isa = PBXBuildFile; fileRef = 107A7900132ADF0000C4B1FE /* EnveloppeViewSetup.m */; };
		108CD8891330124F0002A0A7 /* CGColorOperations.m in Sources */ = {isa = PBXBuildFile; fileRef = 108CD8881330124F0002A0A7 /* CGColorOperations.m */; };
		1DDD582D0DA1D0D100B32029 /* MainMenu.xib in Resources */ = {isa = PBXBuildFile; fileRef = 1DDD582A0DA1D0D100B32029 /* MainMenu.xib */; };
		8D15AC2C0486D014006FF6A4 /* Credits.rtf in Resources */ = {isa = PBXBuildFile; fileRef = 2A37F4B9FDCFA73011CA2CEA /* Credits.rtf */; };
		8D15AC2F0486D014006FF6A4 /* InfoPlist.strings in Resources */ = {isa = PBXBuildFile; fileRef = 089C165FFE840EACC02AAC07 /* InfoPlist.strings */; };
		8D15AC320486D014006FF6A4 /* main.m in Sources */ = {isa = PBXBuildFile; fileRef = 2A37F4B0FDCFA73011CA2CEA /* main.m */; settings = {ATTRIBUTES = (); }; };
		8D15AC340486D014006FF6A4 /* Cocoa.framework in Frameworks */ = {isa = PBXBuildFile; fileRef = 1058C7A7FEA54F5311CA2CBB /* Cocoa.framework */; };
/* End PBXBuildFile section */

/* Begin PBXFileReference section */
		089C1660FE840EACC02AAC07 /* English */ = {isa = PBXFileReference; fileEncoding = 4; lastKnownFileType = text.plist.strings; name = English; path = English.lproj/InfoPlist.strings; sourceTree = "<group>"; };
		1017811C132BF9B6001C6A96 /* NSGeomOperations.h */ = {isa = PBXFileReference; fileEncoding = 4; lastKnownFileType = sourcecode.c.h; path = NSGeomOperations.h; sourceTree = "<group>"; };
		1017811D132BF9B6001C6A96 /* NSGeomOperations.c */ = {isa = PBXFileReference; fileEncoding = 4; lastKnownFileType = sourcecode.c.c; path = NSGeomOperations.c; sourceTree = "<group>"; };
		1030EFE1132985C300E4BCA1 /* EnveloppeEditorDocument.h */ = {isa = PBXFileReference; fileEncoding = 4; lastKnownFileType = sourcecode.c.h; path = EnveloppeEditorDocument.h; sourceTree = "<group>"; };
		1030EFE2132985C300E4BCA1 /* EnveloppeEditorDocument.m */ = {isa = PBXFileReference; fileEncoding = 4; lastKnownFileType = sourcecode.c.objc; path = EnveloppeEditorDocument.m; sourceTree = "<group>"; };
		1030EFE6132985E800E4BCA1 /* English */ = {isa = PBXFileReference; lastKnownFileType = file.xib; name = English; path = English.lproj/EnveloppeEditorDocument.xib; sourceTree = "<group>"; };
		1030EFE9132986AD00E4BCA1 /* Enveloppe.h */ = {isa = PBXFileReference; fileEncoding = 4; lastKnownFileType = sourcecode.c.h; path = Enveloppe.h; sourceTree = "<group>"; };
		1030EFEA132986AD00E4BCA1 /* Enveloppe.m */ = {isa = PBXFileReference; fileEncoding = 4; lastKnownFileType = sourcecode.c.objc; path = Enveloppe.m; sourceTree = "<group>"; };
		1030EFEC132986DB00E4BCA1 /* EnveloppeControlPoint.h */ = {isa = PBXFileReference; fileEncoding = 4; lastKnownFileType = sourcecode.c.h; path = EnveloppeControlPoint.h; sourceTree = "<group>"; };
		1030EFED132986DB00E4BCA1 /* EnveloppeControlPoint.m */ = {isa = PBXFileReference; fileEncoding = 4; lastKnownFileType = sourcecode.c.objc; path = EnveloppeControlPoint.m; sourceTree = "<group>"; };
		1058C7A7FEA54F5311CA2CBB /* Cocoa.framework */ = {isa = PBXFileReference; lastKnownFileType = wrapper.framework; name = Cocoa.framework; path = /System/Library/Frameworks/Cocoa.framework; sourceTree = "<absolute>"; };
		107A78FC132ADE3700C4B1FE /* EnveloppeView.h */ = {isa = PBXFileReference; fileEncoding = 4; lastKnownFileType = sourcecode.c.h; path = EnveloppeView.h; sourceTree = "<group>"; };
		107A78FD132ADE3700C4B1FE /* EnveloppeView.m */ = {isa = PBXFileReference; fileEncoding = 4; lastKnownFileType = sourcecode.c.objc; path = EnveloppeView.m; sourceTree = "<group>"; };
		107A78FF132ADF0000C4B1FE /* EnveloppeViewSetup.h */ = {isa = PBXFileReference; fileEncoding = 4; lastKnownFileType = sourcecode.c.h; path = EnveloppeViewSetup.h; sourceTree = "<group>"; };
		107A7900132ADF0000C4B1FE /* EnveloppeViewSetup.m */ = {isa = PBXFileReference; fileEncoding = 4; lastKnownFileType = sourcecode.c.objc; path = EnveloppeViewSetup.m; sourceTree = "<group>"; };
		108CD8871330124F0002A0A7 /* CGColorOperations.h */ = {isa = PBXFileReference; fileEncoding = 4; lastKnownFileType = sourcecode.c.h; path = CGColorOperations.h; sourceTree = "<group>"; };
		108CD8881330124F0002A0A7 /* CGColorOperations.m */ = {isa = PBXFileReference; fileEncoding = 4; lastKnownFileType = sourcecode.c.objc; path = CGColorOperations.m; sourceTree = "<group>"; };
		13E42FBA07B3F13500E4EEF1 /* CoreData.framework */ = {isa = PBXFileReference; lastKnownFileType = wrapper.framework; name = CoreData.framework; path = /System/Library/Frameworks/CoreData.framework; sourceTree = "<absolute>"; };
		1DDD582B0DA1D0D100B32029 /* English */ = {isa = PBXFileReference; lastKnownFileType = file.xib; name = English; path = English.lproj/MainMenu.xib; sourceTree = "<group>"; };
		2564AD2C0F5327BB00F57823 /* EnveloppeEditor_Prefix.pch */ = {isa = PBXFileReference; fileEncoding = 4; lastKnownFileType = sourcecode.c.h; path = EnveloppeEditor_Prefix.pch; sourceTree = "<group>"; };
		2A37F4B0FDCFA73011CA2CEA /* main.m */ = {isa = PBXFileReference; fileEncoding = 4; lastKnownFileType = sourcecode.c.objc; path = main.m; sourceTree = "<group>"; };
		2A37F4BAFDCFA73011CA2CEA /* English */ = {isa = PBXFileReference; lastKnownFileType = text.rtf; name = English; path = English.lproj/Credits.rtf; sourceTree = "<group>"; };
		2A37F4C4FDCFA73011CA2CEA /* AppKit.framework */ = {isa = PBXFileReference; lastKnownFileType = wrapper.framework; name = AppKit.framework; path = /System/Library/Frameworks/AppKit.framework; sourceTree = "<absolute>"; };
		2A37F4C5FDCFA73011CA2CEA /* Foundation.framework */ = {isa = PBXFileReference; lastKnownFileType = wrapper.framework; name = Foundation.framework; path = /System/Library/Frameworks/Foundation.framework; sourceTree = "<absolute>"; };
		8D15AC360486D014006FF6A4 /* EnveloppeEditor-Info.plist */ = {isa = PBXFileReference; fileEncoding = 4; lastKnownFileType = text.plist.xml; path = "EnveloppeEditor-Info.plist"; sourceTree = "<group>"; };
		8D15AC370486D014006FF6A4 /* EnveloppeEditor.app */ = {isa = PBXFileReference; explicitFileType = wrapper.application; includeInIndex = 0; path = EnveloppeEditor.app; sourceTree = BUILT_PRODUCTS_DIR; };
/* End PBXFileReference section */

/* Begin PBXFrameworksBuildPhase section */
		8D15AC330486D014006FF6A4 /* Frameworks */ = {
			isa = PBXFrameworksBuildPhase;
			buildActionMask = 2147483647;
			files = (
				8D15AC340486D014006FF6A4 /* Cocoa.framework in Frameworks */,
			);
			runOnlyForDeploymentPostprocessing = 0;
		};
/* End PBXFrameworksBuildPhase section */

/* Begin PBXGroup section */
		1017811F132BF9BF001C6A96 /* Generic */ = {
			isa = PBXGroup;
			children = (
				1017811C132BF9B6001C6A96 /* NSGeomOperations.h */,
				1017811D132BF9B6001C6A96 /* NSGeomOperations.c */,
				108CD8871330124F0002A0A7 /* CGColorOperations.h */,
				108CD8881330124F0002A0A7 /* CGColorOperations.m */,
			);
			name = Generic;
			sourceTree = "<group>";
		};
		1058C7A6FEA54F5311CA2CBB /* Linked Frameworks */ = {
			isa = PBXGroup;
			children = (
				1058C7A7FEA54F5311CA2CBB /* Cocoa.framework */,
			);
			name = "Linked Frameworks";
			sourceTree = "<group>";
		};
		1058C7A8FEA54F5311CA2CBB /* Other Frameworks */ = {
			isa = PBXGroup;
			children = (
				2A37F4C4FDCFA73011CA2CEA /* AppKit.framework */,
				13E42FBA07B3F13500E4EEF1 /* CoreData.framework */,
				2A37F4C5FDCFA73011CA2CEA /* Foundation.framework */,
			);
			name = "Other Frameworks";
			sourceTree = "<group>";
		};
		107A7902132ADF0500C4B1FE /* Enveloppe Document */ = {
			isa = PBXGroup;
			children = (
				1030EFE1132985C300E4BCA1 /* EnveloppeEditorDocument.h */,
				1030EFE2132985C300E4BCA1 /* EnveloppeEditorDocument.m */,
			);
			name = "Enveloppe Document";
			sourceTree = "<group>";
		};
		107A7903132ADF1500C4B1FE /* Enveloppe */ = {
			isa = PBXGroup;
			children = (
				1030EFE9132986AD00E4BCA1 /* Enveloppe.h */,
				1030EFEA132986AD00E4BCA1 /* Enveloppe.m */,
				1030EFEC132986DB00E4BCA1 /* EnveloppeControlPoint.h */,
				1030EFED132986DB00E4BCA1 /* EnveloppeControlPoint.m */,
			);
			name = Enveloppe;
			sourceTree = "<group>";
		};
		107A7904132ADF2000C4B1FE /* Enveloppe View */ = {
			isa = PBXGroup;
			children = (
				107A78FC132ADE3700C4B1FE /* EnveloppeView.h */,
				107A78FD132ADE3700C4B1FE /* EnveloppeView.m */,
				107A78FF132ADF0000C4B1FE /* EnveloppeViewSetup.h */,
				107A7900132ADF0000C4B1FE /* EnveloppeViewSetup.m */,
			);
			name = "Enveloppe View";
			sourceTree = "<group>";
		};
		19C28FB0FE9D524F11CA2CBB /* Products */ = {
			isa = PBXGroup;
			children = (
				8D15AC370486D014006FF6A4 /* EnveloppeEditor.app */,
			);
			name = Products;
			sourceTree = "<group>";
		};
		2A37F4AAFDCFA73011CA2CEA /* EnveloppeEditor */ = {
			isa = PBXGroup;
			children = (
				2A37F4ABFDCFA73011CA2CEA /* Classes */,
				2A37F4AFFDCFA73011CA2CEA /* Other Sources */,
				2A37F4B8FDCFA73011CA2CEA /* Resources */,
				2A37F4C3FDCFA73011CA2CEA /* Frameworks */,
				19C28FB0FE9D524F11CA2CBB /* Products */,
			);
			name = EnveloppeEditor;
			sourceTree = "<group>";
		};
		2A37F4ABFDCFA73011CA2CEA /* Classes */ = {
			isa = PBXGroup;
			children = (
				1017811F132BF9BF001C6A96 /* Generic */,
				107A7904132ADF2000C4B1FE /* Enveloppe View */,
				107A7903132ADF1500C4B1FE /* Enveloppe */,
				107A7902132ADF0500C4B1FE /* Enveloppe Document */,
			);
			name = Classes;
			sourceTree = "<group>";
		};
		2A37F4AFFDCFA73011CA2CEA /* Other Sources */ = {
			isa = PBXGroup;
			children = (
				2564AD2C0F5327BB00F57823 /* EnveloppeEditor_Prefix.pch */,
				2A37F4B0FDCFA73011CA2CEA /* main.m */,
			);
			name = "Other Sources";
			sourceTree = "<group>";
		};
		2A37F4B8FDCFA73011CA2CEA /* Resources */ = {
			isa = PBXGroup;
			children = (
				2A37F4B9FDCFA73011CA2CEA /* Credits.rtf */,
				8D15AC360486D014006FF6A4 /* EnveloppeEditor-Info.plist */,
				089C165FFE840EACC02AAC07 /* InfoPlist.strings */,
				1030EFE5132985E800E4BCA1 /* EnveloppeEditorDocument.xib */,
				1DDD582A0DA1D0D100B32029 /* MainMenu.xib */,
			);
			name = Resources;
			sourceTree = "<group>";
		};
		2A37F4C3FDCFA73011CA2CEA /* Frameworks */ = {
			isa = PBXGroup;
			children = (
				1058C7A6FEA54F5311CA2CBB /* Linked Frameworks */,
				1058C7A8FEA54F5311CA2CBB /* Other Frameworks */,
			);
			name = Frameworks;
			sourceTree = "<group>";
		};
/* End PBXGroup section */

/* Begin PBXNativeTarget section */
		8D15AC270486D014006FF6A4 /* EnveloppeEditor */ = {
			isa = PBXNativeTarget;
			buildConfigurationList = C05733C708A9546B00998B17 /* Build configuration list for PBXNativeTarget "EnveloppeEditor" */;
			buildPhases = (
				8D15AC2B0486D014006FF6A4 /* Resources */,
				8D15AC300486D014006FF6A4 /* Sources */,
				8D15AC330486D014006FF6A4 /* Frameworks */,
			);
			buildRules = (
			);
			dependencies = (
			);
			name = EnveloppeEditor;
			productInstallPath = "$(HOME)/Applications";
			productName = EnveloppeEditor;
			productReference = 8D15AC370486D014006FF6A4 /* EnveloppeEditor.app */;
			productType = "com.apple.product-type.application";
		};
/* End PBXNativeTarget section */

/* Begin PBXProject section */
		2A37F4A9FDCFA73011CA2CEA /* Project object */ = {
			isa = PBXProject;
			buildConfigurationList = C05733CB08A9546B00998B17 /* Build configuration list for PBXProject "EnveloppeEditor" */;
			compatibilityVersion = "Xcode 3.1";
			developmentRegion = English;
			hasScannedForEncodings = 1;
			knownRegions = (
				English,
				Japanese,
				French,
				German,
			);
			mainGroup = 2A37F4AAFDCFA73011CA2CEA /* EnveloppeEditor */;
			projectDirPath = "";
			projectRoot = "";
			targets = (
				8D15AC270486D014006FF6A4 /* EnveloppeEditor */,
			);
		};
/* End PBXProject section */

/* Begin PBXResourcesBuildPhase section */
		8D15AC2B0486D014006FF6A4 /* Resources */ = {
			isa = PBXResourcesBuildPhase;
			buildActionMask = 2147483647;
			files = (
				8D15AC2C0486D014006FF6A4 /* Credits.rtf in Resources */,
				8D15AC2F0486D014006FF6A4 /* InfoPlist.strings in Resources */,
				1DDD582D0DA1D0D100B32029 /* MainMenu.xib in Resources */,
				1030EFE7132985E800E4BCA1 /* EnveloppeEditorDocument.xib in Resources */,
			);
			runOnlyForDeploymentPostprocessing = 0;
		};
/* End PBXResourcesBuildPhase section */

/* Begin PBXSourcesBuildPhase section */
		8D15AC300486D014006FF6A4 /* Sources */ = {
			isa = PBXSourcesBuildPhase;
			buildActionMask = 2147483647;
			files = (
				8D15AC320486D014006FF6A4 /* main.m in Sources */,
				1030EFE3132985C300E4BCA1 /* EnveloppeEditorDocument.m in Sources */,
				1030EFEB132986AD00E4BCA1 /* Enveloppe.m in Sources */,
				1030EFEE132986DB00E4BCA1 /* EnveloppeControlPoint.m in Sources */,
				107A78FE132ADE3700C4B1FE /* EnveloppeView.m in Sources */,
				107A7901132ADF0000C4B1FE /* EnveloppeViewSetup.m in Sources */,
				1017811E132BF9B6001C6A96 /* NSGeomOperations.c in Sources */,
				108CD8891330124F0002A0A7 /* CGColorOperations.m in Sources */,
			);
			runOnlyForDeploymentPostprocessing = 0;
		};
/* End PBXSourcesBuildPhase section */

/* Begin PBXVariantGroup section */
		089C165FFE840EACC02AAC07 /* InfoPlist.strings */ = {
			isa = PBXVariantGroup;
			children = (
				089C1660FE840EACC02AAC07 /* English */,
			);
			name = InfoPlist.strings;
			sourceTree = "<group>";
		};
		1030EFE5132985E800E4BCA1 /* EnveloppeEditorDocument.xib */ = {
			isa = PBXVariantGroup;
			children = (
				1030EFE6132985E800E4BCA1 /* English */,
			);
			name = EnveloppeEditorDocument.xib;
			sourceTree = "<group>";
		};
		1DDD582A0DA1D0D100B32029 /* MainMenu.xib */ = {
			isa = PBXVariantGroup;
			children = (
				1DDD582B0DA1D0D100B32029 /* English */,
			);
			name = MainMenu.xib;
			sourceTree = "<group>";
		};
		2A37F4B9FDCFA73011CA2CEA /* Credits.rtf */ = {
			isa = PBXVariantGroup;
			children = (
				2A37F4BAFDCFA73011CA2CEA /* English */,
			);
			name = Credits.rtf;
			sourceTree = "<group>";
		};
/* End PBXVariantGroup section */

/* Begin XCBuildConfiguration section */
		C05733C808A9546B00998B17 /* Debug */ = {
			isa = XCBuildConfiguration;
			buildSettings = {
				ALWAYS_SEARCH_USER_PATHS = NO;
				COPY_PHASE_STRIP = NO;
				GCC_DYNAMIC_NO_PIC = NO;
				GCC_ENABLE_FIX_AND_CONTINUE = YES;
				GCC_MODEL_TUNING = G5;
				GCC_OPTIMIZATION_LEVEL = 0;
				GCC_PRECOMPILE_PREFIX_HEADER = YES;
				GCC_PREFIX_HEADER = EnveloppeEditor_Prefix.pch;
				INFOPLIST_FILE = "EnveloppeEditor-Info.plist";
				INSTALL_PATH = "$(HOME)/Applications";
				PRODUCT_NAME = EnveloppeEditor;
			};
			name = Debug;
		};
		C05733C908A9546B00998B17 /* Release */ = {
			isa = XCBuildConfiguration;
			buildSettings = {
				ALWAYS_SEARCH_USER_PATHS = NO;
				DEBUG_INFORMATION_FORMAT = "dwarf-with-dsym";
				GCC_MODEL_TUNING = G5;
				GCC_PRECOMPILE_PREFIX_HEADER = YES;
				GCC_PREFIX_HEADER = EnveloppeEditor_Prefix.pch;
				INFOPLIST_FILE = "EnveloppeEditor-Info.plist";
				INSTALL_PATH = "$(HOME)/Applications";
				PRODUCT_NAME = EnveloppeEditor;
			};
			name = Release;
		};
		C05733CC08A9546B00998B17 /* Debug */ = {
			isa = XCBuildConfiguration;
			buildSettings = {
				ARCHS = "$(ARCHS_STANDARD_32_64_BIT)";
				GCC_C_LANGUAGE_STANDARD = gnu99;
				GCC_OPTIMIZATION_LEVEL = 0;
				GCC_WARN_ABOUT_RETURN_TYPE = YES;
				GCC_WARN_UNUSED_VARIABLE = YES;
				ONLY_ACTIVE_ARCH = YES;
				PREBINDING = NO;
				SDKROOT = macosx10.6;
			};
			name = Debug;
		};
		C05733CD08A9546B00998B17 /* Release */ = {
			isa = XCBuildConfiguration;
			buildSettings = {
				ARCHS = "$(ARCHS_STANDARD_32_64_BIT)";
				GCC_C_LANGUAGE_STANDARD = gnu99;
				GCC_WARN_ABOUT_RETURN_TYPE = YES;
				GCC_WARN_UNUSED_VARIABLE = YES;
				PREBINDING = NO;
				SDKROOT = macosx10.6;
			};
			name = Release;
		};
/* End XCBuildConfiguration section */

/* Begin XCConfigurationList section */
		C05733C708A9546B00998B17 /* Build configuration list for PBXNativeTarget "EnveloppeEditor" */ = {
			isa = XCConfigurationList;
			buildConfigurations = (
				C05733C808A9546B00998B17 /* Debug */,
				C05733C908A9546B00998B17 /* Release */,
			);
			defaultConfigurationIsVisible = 0;
			defaultConfigurationName = Release;
		};
		C05733CB08A9546B00998B17 /* Build configuration list for PBXProject "EnveloppeEditor" */ = {
			isa = XCConfigurationList;
			buildConfigurations = (
				C05733CC08A9546B00998B17 /* Debug */,
				C05733CD08A9546B00998B17 /* Release */,
			);
			defaultConfigurationIsVisible = 0;
			defaultConfigurationName = Release;
		};
/* End XCConfigurationList section */
	};
	rootObject = 2A37F4A9FDCFA73011CA2CEA /* Project object */;
}
